
Microsoft Visual Studio Solution File, Format Version 11.00
# Visual Studio 2010
Project("{8BC9CEB8-8B4A-11D0-8D11-00A0C91BC942}") = "convertNumber", "convertNumber\convertNumber.vcxproj", "{7C537D44-FF77-4DB9-A606-70689F525354}"
EndProject
Global
	GlobalSection(SolutionConfigurationPlatforms) = preSolution
		Debug|Win32 = Debug|Win32
		Release|Win32 = Release|Win32
	EndGlobalSection
	GlobalSection(ProjectConfigurationPlatforms) = postSolution
		{7C537D44-FF77-4DB9-A606-70689F525354}.Debug|Win32.ActiveCfg = Debug|Win32
		{7C537D44-FF77-4DB9-A606-70689F525354}.Debug|Win32.Build.0 = Debug|Win32
		{7C537D44-FF77-4DB9-A606-70689F525354}.Release|Win32.ActiveCfg = Release|Win32
		{7C537D44-FF77-4DB9-A606-70689F525354}.Release|Win32.Build.0 = Release|Win32
	EndGlobalSection
	GlobalSection(SolutionProperties) = preSolution
		HideSolutionNode = FALSE
	EndGlobalSection
EndGlobal
